// !$*UTF8*$!
{
	archiveVersion = 1;
	classes = {
	};
	objectVersion = 55;
	objects = {

/* Begin PBXBuildFile section */
		3D60092D2758381400E4F3B9 /* AppDelegate.swift in Sources */ = {isa = PBXBuildFile; fileRef = 3D60092C2758381400E4F3B9 /* AppDelegate.swift */; };
		3D60092F2758381400E4F3B9 /* SceneDelegate.swift in Sources */ = {isa = PBXBuildFile; fileRef = 3D60092E2758381400E4F3B9 /* SceneDelegate.swift */; };
		3D6009312758381400E4F3B9 /* ViewController.swift in Sources */ = {isa = PBXBuildFile; fileRef = 3D6009302758381400E4F3B9 /* ViewController.swift */; };
		3D6009342758381400E4F3B9 /* Main.storyboard in Resources */ = {isa = PBXBuildFile; fileRef = 3D6009322758381400E4F3B9 /* Main.storyboard */; };
		3D6009362758381400E4F3B9 /* Assets.xcassets in Resources */ = {isa = PBXBuildFile; fileRef = 3D6009352758381400E4F3B9 /* Assets.xcassets */; };
		3D6009392758381400E4F3B9 /* LaunchScreen.storyboard in Resources */ = {isa = PBXBuildFile; fileRef = 3D6009372758381400E4F3B9 /* LaunchScreen.storyboard */; };
		3D6009442758381500E4F3B9 /* ViewCodeChallengeTests.swift in Sources */ = {isa = PBXBuildFile; fileRef = 3D6009432758381500E4F3B9 /* ViewCodeChallengeTests.swift */; };
		3D60094E2758381500E4F3B9 /* ViewCodeChallengeUITests.swift in Sources */ = {isa = PBXBuildFile; fileRef = 3D60094D2758381500E4F3B9 /* ViewCodeChallengeUITests.swift */; };
		3D6009502758381500E4F3B9 /* ViewCodeChallengeUITestsLaunchTests.swift in Sources */ = {isa = PBXBuildFile; fileRef = 3D60094F2758381500E4F3B9 /* ViewCodeChallengeUITestsLaunchTests.swift */; };
/* End PBXBuildFile section */

/* Begin PBXContainerItemProxy section */
		3D6009402758381500E4F3B9 /* PBXContainerItemProxy */ = {
			isa = PBXContainerItemProxy;
			containerPortal = 3D6009212758381400E4F3B9 /* Project object */;
			proxyType = 1;
			remoteGlobalIDString = 3D6009282758381400E4F3B9;
			remoteInfo = ViewCodeChallenge;
		};
		3D60094A2758381500E4F3B9 /* PBXContainerItemProxy */ = {
			isa = PBXContainerItemProxy;
			containerPortal = 3D6009212758381400E4F3B9 /* Project object */;
			proxyType = 1;
			remoteGlobalIDString = 3D6009282758381400E4F3B9;
			remoteInfo = ViewCodeChallenge;
		};
/* End PBXContainerItemProxy section */

/* Begin PBXFileReference section */
		3D6009292758381400E4F3B9 /* ViewCodeChallenge.app */ = {isa = PBXFileReference; explicitFileType = wrapper.application; includeInIndex = 0; path = ViewCodeChallenge.app; sourceTree = BUILT_PRODUCTS_DIR; };
		3D60092C2758381400E4F3B9 /* AppDelegate.swift */ = {isa = PBXFileReference; lastKnownFileType = sourcecode.swift; path = AppDelegate.swift; sourceTree = "<group>"; };
		3D60092E2758381400E4F3B9 /* SceneDelegate.swift */ = {isa = PBXFileReference; lastKnownFileType = sourcecode.swift; path = SceneDelegate.swift; sourceTree = "<group>"; };
		3D6009302758381400E4F3B9 /* ViewController.swift */ = {isa = PBXFileReference; lastKnownFileType = sourcecode.swift; path = ViewController.swift; sourceTree = "<group>"; };
		3D6009332758381400E4F3B9 /* Base */ = {isa = PBXFileReference; lastKnownFileType = file.storyboard; name = Base; path = Base.lproj/Main.storyboard; sourceTree = "<group>"; };
		3D6009352758381400E4F3B9 /* Assets.xcassets */ = {isa = PBXFileReference; lastKnownFileType = folder.assetcatalog; path = Assets.xcassets; sourceTree = "<group>"; };
		3D6009382758381400E4F3B9 /* Base */ = {isa = PBXFileReference; lastKnownFileType = file.storyboard; name = Base; path = Base.lproj/LaunchScreen.storyboard; sourceTree = "<group>"; };
		3D60093A2758381400E4F3B9 /* Info.plist */ = {isa = PBXFileReference; lastKnownFileType = text.plist.xml; path = Info.plist; sourceTree = "<group>"; };
		3D60093F2758381500E4F3B9 /* ViewCodeChallengeTests.xctest */ = {isa = PBXFileReference; explicitFileType = wrapper.cfbundle; includeInIndex = 0; path = ViewCodeChallengeTests.xctest; sourceTree = BUILT_PRODUCTS_DIR; };
		3D6009432758381500E4F3B9 /* ViewCodeChallengeTests.swift */ = {isa = PBXFileReference; lastKnownFileType = sourcecode.swift; path = ViewCodeChallengeTests.swift; sourceTree = "<group>"; };
		3D6009492758381500E4F3B9 /* ViewCodeChallengeUITests.xctest */ = {isa = PBXFileReference; explicitFileType = wrapper.cfbundle; includeInIndex = 0; path = ViewCodeChallengeUITests.xctest; sourceTree = BUILT_PRODUCTS_DIR; };
		3D60094D2758381500E4F3B9 /* ViewCodeChallengeUITests.swift */ = {isa = PBXFileReference; lastKnownFileType = sourcecode.swift; path = ViewCodeChallengeUITests.swift; sourceTree = "<group>"; };
		3D60094F2758381500E4F3B9 /* ViewCodeChallengeUITestsLaunchTests.swift */ = {isa = PBXFileReference; lastKnownFileType = sourcecode.swift; path = ViewCodeChallengeUITestsLaunchTests.swift; sourceTree = "<group>"; };
/* End PBXFileReference section */

/* Begin PBXFrameworksBuildPhase section */
		3D6009262758381400E4F3B9 /* Frameworks */ = {
			isa = PBXFrameworksBuildPhase;
			buildActionMask = 2147483647;
			files = (
			);
			runOnlyForDeploymentPostprocessing = 0;
		};
		3D60093C2758381500E4F3B9 /* Frameworks */ = {
			isa = PBXFrameworksBuildPhase;
			buildActionMask = 2147483647;
			files = (
			);
			runOnlyForDeploymentPostprocessing = 0;
		};
		3D6009462758381500E4F3B9 /* Frameworks */ = {
			isa = PBXFrameworksBuildPhase;
			buildActionMask = 2147483647;
			files = (
			);
			runOnlyForDeploymentPostprocessing = 0;
		};
/* End PBXFrameworksBuildPhase section */

/* Begin PBXGroup section */
		3D6009202758381400E4F3B9 = {
			isa = PBXGroup;
			children = (
				3D60092B2758381400E4F3B9 /* ViewCodeChallenge */,
				3D6009422758381500E4F3B9 /* ViewCodeChallengeTests */,
				3D60094C2758381500E4F3B9 /* ViewCodeChallengeUITests */,
				3D60092A2758381400E4F3B9 /* Products */,
			);
			sourceTree = "<group>";
		};
		3D60092A2758381400E4F3B9 /* Products */ = {
			isa = PBXGroup;
			children = (
				3D6009292758381400E4F3B9 /* ViewCodeChallenge.app */,
				3D60093F2758381500E4F3B9 /* ViewCodeChallengeTests.xctest */,
				3D6009492758381500E4F3B9 /* ViewCodeChallengeUITests.xctest */,
			);
			name = Products;
			sourceTree = "<group>";
		};
		3D60092B2758381400E4F3B9 /* ViewCodeChallenge */ = {
			isa = PBXGroup;
			children = (
				3D60092C2758381400E4F3B9 /* AppDelegate.swift */,
				3D60092E2758381400E4F3B9 /* SceneDelegate.swift */,
				3D6009302758381400E4F3B9 /* ViewController.swift */,
				3D6009322758381400E4F3B9 /* Main.storyboard */,
				3D6009352758381400E4F3B9 /* Assets.xcassets */,
				3D6009372758381400E4F3B9 /* LaunchScreen.storyboard */,
				3D60093A2758381400E4F3B9 /* Info.plist */,
			);
			path = ViewCodeChallenge;
			sourceTree = "<group>";
		};
		3D6009422758381500E4F3B9 /* ViewCodeChallengeTests */ = {
			isa = PBXGroup;
			children = (
				3D6009432758381500E4F3B9 /* ViewCodeChallengeTests.swift */,
			);
			path = ViewCodeChallengeTests;
			sourceTree = "<group>";
		};
		3D60094C2758381500E4F3B9 /* ViewCodeChallengeUITests */ = {
			isa = PBXGroup;
			children = (
				3D60094D2758381500E4F3B9 /* ViewCodeChallengeUITests.swift */,
				3D60094F2758381500E4F3B9 /* ViewCodeChallengeUITestsLaunchTests.swift */,
			);
			path = ViewCodeChallengeUITests;
			sourceTree = "<group>";
		};
/* End PBXGroup section */

/* Begin PBXNativeTarget section */
		3D6009282758381400E4F3B9 /* ViewCodeChallenge */ = {
			isa = PBXNativeTarget;
			buildConfigurationList = 3D6009532758381500E4F3B9 /* Build configuration list for PBXNativeTarget "ViewCodeChallenge" */;
			buildPhases = (
				3D6009252758381400E4F3B9 /* Sources */,
				3D6009262758381400E4F3B9 /* Frameworks */,
				3D6009272758381400E4F3B9 /* Resources */,
			);
			buildRules = (
			);
			dependencies = (
			);
			name = ViewCodeChallenge;
			productName = ViewCodeChallenge;
			productReference = 3D6009292758381400E4F3B9 /* ViewCodeChallenge.app */;
			productType = "com.apple.product-type.application";
		};
		3D60093E2758381500E4F3B9 /* ViewCodeChallengeTests */ = {
			isa = PBXNativeTarget;
			buildConfigurationList = 3D6009562758381500E4F3B9 /* Build configuration list for PBXNativeTarget "ViewCodeChallengeTests" */;
			buildPhases = (
				3D60093B2758381500E4F3B9 /* Sources */,
				3D60093C2758381500E4F3B9 /* Frameworks */,
				3D60093D2758381500E4F3B9 /* Resources */,
			);
			buildRules = (
			);
			dependencies = (
				3D6009412758381500E4F3B9 /* PBXTargetDependency */,
			);
			name = ViewCodeChallengeTests;
			productName = ViewCodeChallengeTests;
			productReference = 3D60093F2758381500E4F3B9 /* ViewCodeChallengeTests.xctest */;
			productType = "com.apple.product-type.bundle.unit-test";
		};
		3D6009482758381500E4F3B9 /* ViewCodeChallengeUITests */ = {
			isa = PBXNativeTarget;
			buildConfigurationList = 3D6009592758381500E4F3B9 /* Build configuration list for PBXNativeTarget "ViewCodeChallengeUITests" */;
			buildPhases = (
				3D6009452758381500E4F3B9 /* Sources */,
				3D6009462758381500E4F3B9 /* Frameworks */,
				3D6009472758381500E4F3B9 /* Resources */,
			);
			buildRules = (
			);
			dependencies = (
				3D60094B2758381500E4F3B9 /* PBXTargetDependency */,
			);
			name = ViewCodeChallengeUITests;
			productName = ViewCodeChallengeUITests;
			productReference = 3D6009492758381500E4F3B9 /* ViewCodeChallengeUITests.xctest */;
			productType = "com.apple.product-type.bundle.ui-testing";
		};
/* End PBXNativeTarget section */

/* Begin PBXProject section */
		3D6009212758381400E4F3B9 /* Project object */ = {
			isa = PBXProject;
			attributes = {
				BuildIndependentTargetsInParallel = 1;
				LastSwiftUpdateCheck = 1310;
				LastUpgradeCheck = 1310;
				TargetAttributes = {
					3D6009282758381400E4F3B9 = {
						CreatedOnToolsVersion = 13.1;
					};
					3D60093E2758381500E4F3B9 = {
						CreatedOnToolsVersion = 13.1;
						TestTargetID = 3D6009282758381400E4F3B9;
					};
					3D6009482758381500E4F3B9 = {
						CreatedOnToolsVersion = 13.1;
						TestTargetID = 3D6009282758381400E4F3B9;
					};
				};
			};
			buildConfigurationList = 3D6009242758381400E4F3B9 /* Build configuration list for PBXProject "ViewCodeChallenge" */;
			compatibilityVersion = "Xcode 13.0";
			developmentRegion = en;
			hasScannedForEncodings = 0;
			knownRegions = (
				en,
				Base,
			);
			mainGroup = 3D6009202758381400E4F3B9;
			productRefGroup = 3D60092A2758381400E4F3B9 /* Products */;
			projectDirPath = "";
			projectRoot = "";
			targets = (
				3D6009282758381400E4F3B9 /* ViewCodeChallenge */,
				3D60093E2758381500E4F3B9 /* ViewCodeChallengeTests */,
				3D6009482758381500E4F3B9 /* ViewCodeChallengeUITests */,
			);
		};
/* End PBXProject section */

/* Begin PBXResourcesBuildPhase section */
		3D6009272758381400E4F3B9 /* Resources */ = {
			isa = PBXResourcesBuildPhase;
			buildActionMask = 2147483647;
			files = (
				3D6009392758381400E4F3B9 /* LaunchScreen.storyboard in Resources */,
				3D6009362758381400E4F3B9 /* Assets.xcassets in Resources */,
				3D6009342758381400E4F3B9 /* Main.storyboard in Resources */,
			);
			runOnlyForDeploymentPostprocessing = 0;
		};
		3D60093D2758381500E4F3B9 /* Resources */ = {
			isa = PBXResourcesBuildPhase;
			buildActionMask = 2147483647;
			files = (
			);
			runOnlyForDeploymentPostprocessing = 0;
		};
		3D6009472758381500E4F3B9 /* Resources */ = {
			isa = PBXResourcesBuildPhase;
			buildActionMask = 2147483647;
			files = (
			);
			runOnlyForDeploymentPostprocessing = 0;
		};
/* End PBXResourcesBuildPhase section */

/* Begin PBXSourcesBuildPhase section */
		3D6009252758381400E4F3B9 /* Sources */ = {
			isa = PBXSourcesBuildPhase;
			buildActionMask = 2147483647;
			files = (
				3D6009312758381400E4F3B9 /* ViewController.swift in Sources */,
				3D60092D2758381400E4F3B9 /* AppDelegate.swift in Sources */,
				3D60092F2758381400E4F3B9 /* SceneDelegate.swift in Sources */,
			);
			runOnlyForDeploymentPostprocessing = 0;
		};
		3D60093B2758381500E4F3B9 /* Sources */ = {
			isa = PBXSourcesBuildPhase;
			buildActionMask = 2147483647;
			files = (
				3D6009442758381500E4F3B9 /* ViewCodeChallengeTests.swift in Sources */,
			);
			runOnlyForDeploymentPostprocessing = 0;
		};
		3D6009452758381500E4F3B9 /* Sources */ = {
			isa = PBXSourcesBuildPhase;
			buildActionMask = 2147483647;
			files = (
				3D6009502758381500E4F3B9 /* ViewCodeChallengeUITestsLaunchTests.swift in Sources */,
				3D60094E2758381500E4F3B9 /* ViewCodeChallengeUITests.swift in Sources */,
			);
			runOnlyForDeploymentPostprocessing = 0;
		};
/* End PBXSourcesBuildPhase section */

/* Begin PBXTargetDependency section */
		3D6009412758381500E4F3B9 /* PBXTargetDependency */ = {
			isa = PBXTargetDependency;
			target = 3D6009282758381400E4F3B9 /* ViewCodeChallenge */;
			targetProxy = 3D6009402758381500E4F3B9 /* PBXContainerItemProxy */;
		};
		3D60094B2758381500E4F3B9 /* PBXTargetDependency */ = {
			isa = PBXTargetDependency;
			target = 3D6009282758381400E4F3B9 /* ViewCodeChallenge */;
			targetProxy = 3D60094A2758381500E4F3B9 /* PBXContainerItemProxy */;
		};
/* End PBXTargetDependency section */

/* Begin PBXVariantGroup section */
		3D6009322758381400E4F3B9 /* Main.storyboard */ = {
			isa = PBXVariantGroup;
			children = (
				3D6009332758381400E4F3B9 /* Base */,
			);
			name = Main.storyboard;
			sourceTree = "<group>";
		};
		3D6009372758381400E4F3B9 /* LaunchScreen.storyboard */ = {
			isa = PBXVariantGroup;
			children = (
				3D6009382758381400E4F3B9 /* Base */,
			);
			name = LaunchScreen.storyboard;
			sourceTree = "<group>";
		};
/* End PBXVariantGroup section */

/* Begin XCBuildConfiguration section */
		3D6009512758381500E4F3B9 /* Debug */ = {
			isa = XCBuildConfiguration;
			buildSettings = {
				ALWAYS_SEARCH_USER_PATHS = NO;
				CLANG_ANALYZER_NONNULL = YES;
				CLANG_ANALYZER_NUMBER_OBJECT_CONVERSION = YES_AGGRESSIVE;
				CLANG_CXX_LANGUAGE_STANDARD = "gnu++17";
				CLANG_CXX_LIBRARY = "libc++";
				CLANG_ENABLE_MODULES = YES;
				CLANG_ENABLE_OBJC_ARC = YES;
				CLANG_ENABLE_OBJC_WEAK = YES;
				CLANG_WARN_BLOCK_CAPTURE_AUTORELEASING = YES;
				CLANG_WARN_BOOL_CONVERSION = YES;
				CLANG_WARN_COMMA = YES;
				CLANG_WARN_CONSTANT_CONVERSION = YES;
				CLANG_WARN_DEPRECATED_OBJC_IMPLEMENTATIONS = YES;
				CLANG_WARN_DIRECT_OBJC_ISA_USAGE = YES_ERROR;
				CLANG_WARN_DOCUMENTATION_COMMENTS = YES;
				CLANG_WARN_EMPTY_BODY = YES;
				CLANG_WARN_ENUM_CONVERSION = YES;
				CLANG_WARN_INFINITE_RECURSION = YES;
				CLANG_WARN_INT_CONVERSION = YES;
				CLANG_WARN_NON_LITERAL_NULL_CONVERSION = YES;
				CLANG_WARN_OBJC_IMPLICIT_RETAIN_SELF = YES;
				CLANG_WARN_OBJC_LITERAL_CONVERSION = YES;
				CLANG_WARN_OBJC_ROOT_CLASS = YES_ERROR;
				CLANG_WARN_QUOTED_INCLUDE_IN_FRAMEWORK_HEADER = YES;
				CLANG_WARN_RANGE_LOOP_ANALYSIS = YES;
				CLANG_WARN_STRICT_PROTOTYPES = YES;
				CLANG_WARN_SUSPICIOUS_MOVE = YES;
				CLANG_WARN_UNGUARDED_AVAILABILITY = YES_AGGRESSIVE;
				CLANG_WARN_UNREACHABLE_CODE = YES;
				CLANG_WARN__DUPLICATE_METHOD_MATCH = YES;
				COPY_PHASE_STRIP = NO;
				DEBUG_INFORMATION_FORMAT = dwarf;
				ENABLE_STRICT_OBJC_MSGSEND = YES;
				ENABLE_TESTABILITY = YES;
				GCC_C_LANGUAGE_STANDARD = gnu11;
				GCC_DYNAMIC_NO_PIC = NO;
				GCC_NO_COMMON_BLOCKS = YES;
				GCC_OPTIMIZATION_LEVEL = 0;
				GCC_PREPROCESSOR_DEFINITIONS = (
					"DEBUG=1",
					"$(inherited)",
				);
				GCC_WARN_64_TO_32_BIT_CONVERSION = YES;
				GCC_WARN_ABOUT_RETURN_TYPE = YES_ERROR;
				GCC_WARN_UNDECLARED_SELECTOR = YES;
				GCC_WARN_UNINITIALIZED_AUTOS = YES_AGGRESSIVE;
				GCC_WARN_UNUSED_FUNCTION = YES;
				GCC_WARN_UNUSED_VARIABLE = YES;
				IPHONEOS_DEPLOYMENT_TARGET = 15.0;
				MTL_ENABLE_DEBUG_INFO = INCLUDE_SOURCE;
				MTL_FAST_MATH = YES;
				ONLY_ACTIVE_ARCH = YES;
				SDKROOT = iphoneos;
				SWIFT_ACTIVE_COMPILATION_CONDITIONS = DEBUG;
				SWIFT_OPTIMIZATION_LEVEL = "-Onone";
			};
			name = Debug;
		};
		3D6009522758381500E4F3B9 /* Release */ = {
			isa = XCBuildConfiguration;
			buildSettings = {
				ALWAYS_SEARCH_USER_PATHS = NO;
				CLANG_ANALYZER_NONNULL = YES;
				CLANG_ANALYZER_NUMBER_OBJECT_CONVERSION = YES_AGGRESSIVE;
				CLANG_CXX_LANGUAGE_STANDARD = "gnu++17";
				CLANG_CXX_LIBRARY = "libc++";
				CLANG_ENABLE_MODULES = YES;
				CLANG_ENABLE_OBJC_ARC = YES;
				CLANG_ENABLE_OBJC_WEAK = YES;
				CLANG_WARN_BLOCK_CAPTURE_AUTORELEASING = YES;
				CLANG_WARN_BOOL_CONVERSION = YES;
				CLANG_WARN_COMMA = YES;
				CLANG_WARN_CONSTANT_CONVERSION = YES;
				CLANG_WARN_DEPRECATED_OBJC_IMPLEMENTATIONS = YES;
				CLANG_WARN_DIRECT_OBJC_ISA_USAGE = YES_ERROR;
				CLANG_WARN_DOCUMENTATION_COMMENTS = YES;
				CLANG_WARN_EMPTY_BODY = YES;
				CLANG_WARN_ENUM_CONVERSION = YES;
				CLANG_WARN_INFINITE_RECURSION = YES;
				CLANG_WARN_INT_CONVERSION = YES;
				CLANG_WARN_NON_LITERAL_NULL_CONVERSION = YES;
				CLANG_WARN_OBJC_IMPLICIT_RETAIN_SELF = YES;
				CLANG_WARN_OBJC_LITERAL_CONVERSION = YES;
				CLANG_WARN_OBJC_ROOT_CLASS = YES_ERROR;
				CLANG_WARN_QUOTED_INCLUDE_IN_FRAMEWORK_HEADER = YES;
				CLANG_WARN_RANGE_LOOP_ANALYSIS = YES;
				CLANG_WARN_STRICT_PROTOTYPES = YES;
				CLANG_WARN_SUSPICIOUS_MOVE = YES;
				CLANG_WARN_UNGUARDED_AVAILABILITY = YES_AGGRESSIVE;
				CLANG_WARN_UNREACHABLE_CODE = YES;
				CLANG_WARN__DUPLICATE_METHOD_MATCH = YES;
				COPY_PHASE_STRIP = NO;
				DEBUG_INFORMATION_FORMAT = "dwarf-with-dsym";
				ENABLE_NS_ASSERTIONS = NO;
				ENABLE_STRICT_OBJC_MSGSEND = YES;
				GCC_C_LANGUAGE_STANDARD = gnu11;
				GCC_NO_COMMON_BLOCKS = YES;
				GCC_WARN_64_TO_32_BIT_CONVERSION = YES;
				GCC_WARN_ABOUT_RETURN_TYPE = YES_ERROR;
				GCC_WARN_UNDECLARED_SELECTOR = YES;
				GCC_WARN_UNINITIALIZED_AUTOS = YES_AGGRESSIVE;
				GCC_WARN_UNUSED_FUNCTION = YES;
				GCC_WARN_UNUSED_VARIABLE = YES;
				IPHONEOS_DEPLOYMENT_TARGET = 15.0;
				MTL_ENABLE_DEBUG_INFO = NO;
				MTL_FAST_MATH = YES;
				SDKROOT = iphoneos;
				SWIFT_COMPILATION_MODE = wholemodule;
				SWIFT_OPTIMIZATION_LEVEL = "-O";
				VALIDATE_PRODUCT = YES;
			};
			name = Release;
		};
		3D6009542758381500E4F3B9 /* Debug */ = {
			isa = XCBuildConfiguration;
			buildSettings = {
				ASSETCATALOG_COMPILER_APPICON_NAME = AppIcon;
				ASSETCATALOG_COMPILER_GLOBAL_ACCENT_COLOR_NAME = AccentColor;
				CODE_SIGN_STYLE = Automatic;
				CURRENT_PROJECT_VERSION = 1;
				DEVELOPMENT_TEAM = C8VJT32M4J;
				GENERATE_INFOPLIST_FILE = YES;
				INFOPLIST_FILE = ViewCodeChallenge/Info.plist;
				INFOPLIST_KEY_UIApplicationSupportsIndirectInputEvents = YES;
				INFOPLIST_KEY_UILaunchStoryboardName = LaunchScreen;
				INFOPLIST_KEY_UIMainStoryboardFile = Main;
				INFOPLIST_KEY_UISupportedInterfaceOrientations_iPad = "UIInterfaceOrientationPortrait UIInterfaceOrientationPortraitUpsideDown UIInterfaceOrientationLandscapeLeft UIInterfaceOrientationLandscapeRight";
				INFOPLIST_KEY_UISupportedInterfaceOrientations_iPhone = "UIInterfaceOrientationPortrait UIInterfaceOrientationLandscapeLeft UIInterfaceOrientationLandscapeRight";
				LD_RUNPATH_SEARCH_PATHS = (
					"$(inherited)",
					"@executable_path/Frameworks",
				);
				MARKETING_VERSION = 1.0;
				PRODUCT_BUNDLE_IDENTIFIER = romuloviganico.ViewCodeChallenge;
				PRODUCT_NAME = "$(TARGET_NAME)";
				SWIFT_EMIT_LOC_STRINGS = YES;
				SWIFT_VERSION = 5.0;
				TARGETED_DEVICE_FAMILY = "1,2";
			};
			name = Debug;
		};
		3D6009552758381500E4F3B9 /* Release */ = {
			isa = XCBuildConfiguration;
			buildSettings = {
				ASSETCATALOG_COMPILER_APPICON_NAME = AppIcon;
				ASSETCATALOG_COMPILER_GLOBAL_ACCENT_COLOR_NAME = AccentColor;
				CODE_SIGN_STYLE = Automatic;
				CURRENT_PROJECT_VERSION = 1;
				DEVELOPMENT_TEAM = C8VJT32M4J;
				GENERATE_INFOPLIST_FILE = YES;
				INFOPLIST_FILE = ViewCodeChallenge/Info.plist;
				INFOPLIST_KEY_UIApplicationSupportsIndirectInputEvents = YES;
				INFOPLIST_KEY_UILaunchStoryboardName = LaunchScreen;
				INFOPLIST_KEY_UIMainStoryboardFile = Main;
				INFOPLIST_KEY_UISupportedInterfaceOrientations_iPad = "UIInterfaceOrientationPortrait UIInterfaceOrientationPortraitUpsideDown UIInterfaceOrientationLandscapeLeft UIInterfaceOrientationLandscapeRight";
				INFOPLIST_KEY_UISupportedInterfaceOrientations_iPhone = "UIInterfaceOrientationPortrait UIInterfaceOrientationLandscapeLeft UIInterfaceOrientationLandscapeRight";
				LD_RUNPATH_SEARCH_PATHS = (
					"$(inherited)",
					"@executable_path/Frameworks",
				);
				MARKETING_VERSION = 1.0;
				PRODUCT_BUNDLE_IDENTIFIER = romuloviganico.ViewCodeChallenge;
				PRODUCT_NAME = "$(TARGET_NAME)";
				SWIFT_EMIT_LOC_STRINGS = YES;
				SWIFT_VERSION = 5.0;
				TARGETED_DEVICE_FAMILY = "1,2";
			};
			name = Release;
		};
		3D6009572758381500E4F3B9 /* Debug */ = {
			isa = XCBuildConfiguration;
			buildSettings = {
				ALWAYS_EMBED_SWIFT_STANDARD_LIBRARIES = YES;
				BUNDLE_LOADER = "$(TEST_HOST)";
				CODE_SIGN_STYLE = Automatic;
				CURRENT_PROJECT_VERSION = 1;
				DEVELOPMENT_TEAM = C8VJT32M4J;
				GENERATE_INFOPLIST_FILE = YES;
				IPHONEOS_DEPLOYMENT_TARGET = 15.0;
				LD_RUNPATH_SEARCH_PATHS = (
					"$(inherited)",
					"@executable_path/Frameworks",
					"@loader_path/Frameworks",
				);
				MARKETING_VERSION = 1.0;
				PRODUCT_BUNDLE_IDENTIFIER = romuloviganico.ViewCodeChallengeTests;
				PRODUCT_NAME = "$(TARGET_NAME)";
				SWIFT_EMIT_LOC_STRINGS = NO;
				SWIFT_VERSION = 5.0;
				TARGETED_DEVICE_FAMILY = "1,2";
				TEST_HOST = "$(BUILT_PRODUCTS_DIR)/ViewCodeChallenge.app/ViewCodeChallenge";
			};
			name = Debug;
		};
		3D6009582758381500E4F3B9 /* Release */ = {
			isa = XCBuildConfiguration;
			buildSettings = {
				ALWAYS_EMBED_SWIFT_STANDARD_LIBRARIES = YES;
				BUNDLE_LOADER = "$(TEST_HOST)";
				CODE_SIGN_STYLE = Automatic;
				CURRENT_PROJECT_VERSION = 1;
				DEVELOPMENT_TEAM = C8VJT32M4J;
				GENERATE_INFOPLIST_FILE = YES;
				IPHONEOS_DEPLOYMENT_TARGET = 15.0;
				LD_RUNPATH_SEARCH_PATHS = (
					"$(inherited)",
					"@executable_path/Frameworks",
					"@loader_path/Frameworks",
				);
				MARKETING_VERSION = 1.0;
				PRODUCT_BUNDLE_IDENTIFIER = romuloviganico.ViewCodeChallengeTests;
				PRODUCT_NAME = "$(TARGET_NAME)";
				SWIFT_EMIT_LOC_STRINGS = NO;
				SWIFT_VERSION = 5.0;
				TARGETED_DEVICE_FAMILY = "1,2";
				TEST_HOST = "$(BUILT_PRODUCTS_DIR)/ViewCodeChallenge.app/ViewCodeChallenge";
			};
			name = Release;
		};
		3D60095A2758381500E4F3B9 /* Debug */ = {
			isa = XCBuildConfiguration;
			buildSettings = {
				ALWAYS_EMBED_SWIFT_STANDARD_LIBRARIES = YES;
				CODE_SIGN_STYLE = Automatic;
				CURRENT_PROJECT_VERSION = 1;
				DEVELOPMENT_TEAM = C8VJT32M4J;
				GENERATE_INFOPLIST_FILE = YES;
				LD_RUNPATH_SEARCH_PATHS = (
					"$(inherited)",
					"@executable_path/Frameworks",
					"@loader_path/Frameworks",
				);
				MARKETING_VERSION = 1.0;
				PRODUCT_BUNDLE_IDENTIFIER = romuloviganico.ViewCodeChallengeUITests;
				PRODUCT_NAME = "$(TARGET_NAME)";
				SWIFT_EMIT_LOC_STRINGS = NO;
				SWIFT_VERSION = 5.0;
				TARGETED_DEVICE_FAMILY = "1,2";
				TEST_TARGET_NAME = ViewCodeChallenge;
			};
			name = Debug;
		};
		3D60095B2758381500E4F3B9 /* Release */ = {
			isa = XCBuildConfiguration;
			buildSettings = {
				ALWAYS_EMBED_SWIFT_STANDARD_LIBRARIES = YES;
				CODE_SIGN_STYLE = Automatic;
				CURRENT_PROJECT_VERSION = 1;
				DEVELOPMENT_TEAM = C8VJT32M4J;
				GENERATE_INFOPLIST_FILE = YES;
				LD_RUNPATH_SEARCH_PATHS = (
					"$(inherited)",
					"@executable_path/Frameworks",
					"@loader_path/Frameworks",
				);
				MARKETING_VERSION = 1.0;
				PRODUCT_BUNDLE_IDENTIFIER = romuloviganico.ViewCodeChallengeUITests;
				PRODUCT_NAME = "$(TARGET_NAME)";
				SWIFT_EMIT_LOC_STRINGS = NO;
				SWIFT_VERSION = 5.0;
				TARGETED_DEVICE_FAMILY = "1,2";
				TEST_TARGET_NAME = ViewCodeChallenge;
			};
			name = Release;
		};
/* End XCBuildConfiguration section */

/* Begin XCConfigurationList section */
		3D6009242758381400E4F3B9 /* Build configuration list for PBXProject "ViewCodeChallenge" */ = {
			isa = XCConfigurationList;
			buildConfigurations = (
				3D6009512758381500E4F3B9 /* Debug */,
				3D6009522758381500E4F3B9 /* Release */,
			);
			defaultConfigurationIsVisible = 0;
			defaultConfigurationName = Release;
		};
		3D6009532758381500E4F3B9 /* Build configuration list for PBXNativeTarget "ViewCodeChallenge" */ = {
			isa = XCConfigurationList;
			buildConfigurations = (
				3D6009542758381500E4F3B9 /* Debug */,
				3D6009552758381500E4F3B9 /* Release */,
			);
			defaultConfigurationIsVisible = 0;
			defaultConfigurationName = Release;
		};
		3D6009562758381500E4F3B9 /* Build configuration list for PBXNativeTarget "ViewCodeChallengeTests" */ = {
			isa = XCConfigurationList;
			buildConfigurations = (
				3D6009572758381500E4F3B9 /* Debug */,
				3D6009582758381500E4F3B9 /* Release */,
			);
			defaultConfigurationIsVisible = 0;
			defaultConfigurationName = Release;
		};
		3D6009592758381500E4F3B9 /* Build configuration list for PBXNativeTarget "ViewCodeChallengeUITests" */ = {
			isa = XCConfigurationList;
			buildConfigurations = (
				3D60095A2758381500E4F3B9 /* Debug */,
				3D60095B2758381500E4F3B9 /* Release */,
			);
			defaultConfigurationIsVisible = 0;
			defaultConfigurationName = Release;
		};
/* End XCConfigurationList section */
	};
	rootObject = 3D6009212758381400E4F3B9 /* Project object */;
}
